// !$*UTF8*$!
{
	archiveVersion = 1;
	classes = {
	};
	objectVersion = 51;
	objects = {

/* Begin PBXBuildFile section */
		29006B1E6CCF00ADB0A35B12 /* libPods-TestLibCoreCrash.a in Frameworks */ = {isa = PBXBuildFile; fileRef = 6EC6AEC9A7A782A2B5A66664 /* libPods-TestLibCoreCrash.a */; };
		48341F122D9B062DAAAC1009 /* libPods-TestLibCoreCrashUITests.a in Frameworks */ = {isa = PBXBuildFile; fileRef = 2ED38EA64CEE2ACCAD62E894 /* libPods-TestLibCoreCrashUITests.a */; };
		E6060A572628E37400180AF1 /* AppDelegate.swift in Sources */ = {isa = PBXBuildFile; fileRef = E6060A562628E37400180AF1 /* AppDelegate.swift */; };
		E6060A592628E37400180AF1 /* SceneDelegate.swift in Sources */ = {isa = PBXBuildFile; fileRef = E6060A582628E37400180AF1 /* SceneDelegate.swift */; };
		E6060A5B2628E37400180AF1 /* ViewController.swift in Sources */ = {isa = PBXBuildFile; fileRef = E6060A5A2628E37400180AF1 /* ViewController.swift */; };
		E6060A5E2628E37400180AF1 /* Main.storyboard in Resources */ = {isa = PBXBuildFile; fileRef = E6060A5C2628E37400180AF1 /* Main.storyboard */; };
		E6060A602628E37800180AF1 /* Assets.xcassets in Resources */ = {isa = PBXBuildFile; fileRef = E6060A5F2628E37800180AF1 /* Assets.xcassets */; };
		E6060A632628E37800180AF1 /* LaunchScreen.storyboard in Resources */ = {isa = PBXBuildFile; fileRef = E6060A612628E37800180AF1 /* LaunchScreen.storyboard */; };
		E6BE28222629CBA10044E311 /* TestLibCoreCrashUITests.swift in Sources */ = {isa = PBXBuildFile; fileRef = E6BE28212629CBA10044E311 /* TestLibCoreCrashUITests.swift */; };
		E6BE2854262D86140044E311 /* EarlGrey.swift in Sources */ = {isa = PBXBuildFile; fileRef = E6BE2853262D86140044E311 /* EarlGrey.swift */; };
/* End PBXBuildFile section */

/* Begin PBXContainerItemProxy section */
		E6BE28242629CBA10044E311 /* PBXContainerItemProxy */ = {
			isa = PBXContainerItemProxy;
			containerPortal = E6060A4B2628E37400180AF1 /* Project object */;
			proxyType = 1;
			remoteGlobalIDString = E6060A522628E37400180AF1;
			remoteInfo = TestLibCoreCrash;
		};
/* End PBXContainerItemProxy section */

/* Begin PBXFileReference section */
		1B622ADB20725B6DB224A0A6 /* Pods-TestLibCoreCrashUITests.debug.xcconfig */ = {isa = PBXFileReference; includeInIndex = 1; lastKnownFileType = text.xcconfig; name = "Pods-TestLibCoreCrashUITests.debug.xcconfig"; path = "Target Support Files/Pods-TestLibCoreCrashUITests/Pods-TestLibCoreCrashUITests.debug.xcconfig"; sourceTree = "<group>"; };
		2ED38EA64CEE2ACCAD62E894 /* libPods-TestLibCoreCrashUITests.a */ = {isa = PBXFileReference; explicitFileType = archive.ar; includeInIndex = 0; path = "libPods-TestLibCoreCrashUITests.a"; sourceTree = BUILT_PRODUCTS_DIR; };
		2F89E007D3DBB064F8584F46 /* Pods-TestLibCoreCrash.debug.xcconfig */ = {isa = PBXFileReference; includeInIndex = 1; lastKnownFileType = text.xcconfig; name = "Pods-TestLibCoreCrash.debug.xcconfig"; path = "Target Support Files/Pods-TestLibCoreCrash/Pods-TestLibCoreCrash.debug.xcconfig"; sourceTree = "<group>"; };
		4B2BD28121166B77243E16B0 /* EarlGrey.framework */ = {isa = PBXFileReference; lastKnownFileType = wrapper.framework; name = EarlGrey.framework; path = Pods/EarlGrey/EarlGrey/EarlGrey.framework; sourceTree = SOURCE_ROOT; };
		6EC6AEC9A7A782A2B5A66664 /* libPods-TestLibCoreCrash.a */ = {isa = PBXFileReference; explicitFileType = archive.ar; includeInIndex = 0; path = "libPods-TestLibCoreCrash.a"; sourceTree = BUILT_PRODUCTS_DIR; };
		816023614249F7BD4B357D8F /* Pods-TestLibCoreCrash.release.xcconfig */ = {isa = PBXFileReference; includeInIndex = 1; lastKnownFileType = text.xcconfig; name = "Pods-TestLibCoreCrash.release.xcconfig"; path = "Target Support Files/Pods-TestLibCoreCrash/Pods-TestLibCoreCrash.release.xcconfig"; sourceTree = "<group>"; };
		BA9832ADFD5EEB6A33568F55 /* Pods-TestLibCoreCrashUITests.release.xcconfig */ = {isa = PBXFileReference; includeInIndex = 1; lastKnownFileType = text.xcconfig; name = "Pods-TestLibCoreCrashUITests.release.xcconfig"; path = "Target Support Files/Pods-TestLibCoreCrashUITests/Pods-TestLibCoreCrashUITests.release.xcconfig"; sourceTree = "<group>"; };
		E6060A532628E37400180AF1 /* TestLibCoreCrash.app */ = {isa = PBXFileReference; explicitFileType = wrapper.application; includeInIndex = 0; path = TestLibCoreCrash.app; sourceTree = BUILT_PRODUCTS_DIR; };
		E6060A562628E37400180AF1 /* AppDelegate.swift */ = {isa = PBXFileReference; lastKnownFileType = sourcecode.swift; path = AppDelegate.swift; sourceTree = "<group>"; };
		E6060A582628E37400180AF1 /* SceneDelegate.swift */ = {isa = PBXFileReference; lastKnownFileType = sourcecode.swift; path = SceneDelegate.swift; sourceTree = "<group>"; };
		E6060A5A2628E37400180AF1 /* ViewController.swift */ = {isa = PBXFileReference; lastKnownFileType = sourcecode.swift; path = ViewController.swift; sourceTree = "<group>"; };
		E6060A5D2628E37400180AF1 /* Base */ = {isa = PBXFileReference; lastKnownFileType = file.storyboard; name = Base; path = Base.lproj/Main.storyboard; sourceTree = "<group>"; };
		E6060A5F2628E37800180AF1 /* Assets.xcassets */ = {isa = PBXFileReference; lastKnownFileType = folder.assetcatalog; path = Assets.xcassets; sourceTree = "<group>"; };
		E6060A622628E37800180AF1 /* Base */ = {isa = PBXFileReference; lastKnownFileType = file.storyboard; name = Base; path = Base.lproj/LaunchScreen.storyboard; sourceTree = "<group>"; };
		E6060A642628E37800180AF1 /* Info.plist */ = {isa = PBXFileReference; lastKnownFileType = text.plist.xml; path = Info.plist; sourceTree = "<group>"; };
		E6060A6B2628E3AA00180AF1 /* TestLibCoreCrash-Bridging-Header.h */ = {isa = PBXFileReference; lastKnownFileType = sourcecode.c.h; path = "TestLibCoreCrash-Bridging-Header.h"; sourceTree = "<group>"; };
		E6BE281F2629CBA10044E311 /* TestLibCoreCrashUITests.xctest */ = {isa = PBXFileReference; explicitFileType = wrapper.cfbundle; includeInIndex = 0; path = TestLibCoreCrashUITests.xctest; sourceTree = BUILT_PRODUCTS_DIR; };
		E6BE28212629CBA10044E311 /* TestLibCoreCrashUITests.swift */ = {isa = PBXFileReference; lastKnownFileType = sourcecode.swift; path = TestLibCoreCrashUITests.swift; sourceTree = "<group>"; };
		E6BE28232629CBA10044E311 /* Info.plist */ = {isa = PBXFileReference; lastKnownFileType = text.plist.xml; path = Info.plist; sourceTree = "<group>"; };
		E6BE284C262D84200044E311 /* TestLibCoreCrashUITests-Bridging-Header.h */ = {isa = PBXFileReference; lastKnownFileType = sourcecode.c.h; path = "TestLibCoreCrashUITests-Bridging-Header.h"; sourceTree = "<group>"; };
		E6BE2853262D86140044E311 /* EarlGrey.swift */ = {isa = PBXFileReference; lastKnownFileType = sourcecode.swift; path = EarlGrey.swift; sourceTree = "<group>"; };
/* End PBXFileReference section */

/* Begin PBXFrameworksBuildPhase section */
		E6060A502628E37400180AF1 /* Frameworks */ = {
			isa = PBXFrameworksBuildPhase;
			buildActionMask = 2147483647;
			files = (
				29006B1E6CCF00ADB0A35B12 /* libPods-TestLibCoreCrash.a in Frameworks */,
			);
			runOnlyForDeploymentPostprocessing = 0;
		};
		E6BE281C2629CBA10044E311 /* Frameworks */ = {
			isa = PBXFrameworksBuildPhase;
			buildActionMask = 2147483647;
			files = (
				48341F122D9B062DAAAC1009 /* libPods-TestLibCoreCrashUITests.a in Frameworks */,
			);
			runOnlyForDeploymentPostprocessing = 0;
		};
/* End PBXFrameworksBuildPhase section */

/* Begin PBXGroup section */
		8B977BC0176FBDD312F8DF10 /* Frameworks */ = {
			isa = PBXGroup;
			children = (
				4B2BD28121166B77243E16B0 /* EarlGrey.framework */,
				6EC6AEC9A7A782A2B5A66664 /* libPods-TestLibCoreCrash.a */,
				2ED38EA64CEE2ACCAD62E894 /* libPods-TestLibCoreCrashUITests.a */,
			);
			name = Frameworks;
			sourceTree = "<group>";
		};
		B936EB3AF81BABD8E29F4DA9 /* Pods */ = {
			isa = PBXGroup;
			children = (
				2F89E007D3DBB064F8584F46 /* Pods-TestLibCoreCrash.debug.xcconfig */,
				816023614249F7BD4B357D8F /* Pods-TestLibCoreCrash.release.xcconfig */,
				1B622ADB20725B6DB224A0A6 /* Pods-TestLibCoreCrashUITests.debug.xcconfig */,
				BA9832ADFD5EEB6A33568F55 /* Pods-TestLibCoreCrashUITests.release.xcconfig */,
			);
			path = Pods;
			sourceTree = "<group>";
		};
		E6060A4A2628E37400180AF1 = {
			isa = PBXGroup;
			children = (
				E6060A552628E37400180AF1 /* TestLibCoreCrash */,
				E6BE28202629CBA10044E311 /* TestLibCoreCrashUITests */,
				E6060A542628E37400180AF1 /* Products */,
				8B977BC0176FBDD312F8DF10 /* Frameworks */,
				B936EB3AF81BABD8E29F4DA9 /* Pods */,
			);
			sourceTree = "<group>";
		};
		E6060A542628E37400180AF1 /* Products */ = {
			isa = PBXGroup;
			children = (
				E6060A532628E37400180AF1 /* TestLibCoreCrash.app */,
				E6BE281F2629CBA10044E311 /* TestLibCoreCrashUITests.xctest */,
			);
			name = Products;
			sourceTree = "<group>";
		};
		E6060A552628E37400180AF1 /* TestLibCoreCrash */ = {
			isa = PBXGroup;
			children = (
				E6060A562628E37400180AF1 /* AppDelegate.swift */,
				E6060A582628E37400180AF1 /* SceneDelegate.swift */,
				E6060A5A2628E37400180AF1 /* ViewController.swift */,
				E6060A5C2628E37400180AF1 /* Main.storyboard */,
				E6060A5F2628E37800180AF1 /* Assets.xcassets */,
				E6060A612628E37800180AF1 /* LaunchScreen.storyboard */,
				E6060A642628E37800180AF1 /* Info.plist */,
				E6060A6B2628E3AA00180AF1 /* TestLibCoreCrash-Bridging-Header.h */,
			);
			path = TestLibCoreCrash;
			sourceTree = "<group>";
		};
		E6BE28202629CBA10044E311 /* TestLibCoreCrashUITests */ = {
			isa = PBXGroup;
			children = (
				E6BE28212629CBA10044E311 /* TestLibCoreCrashUITests.swift */,
				E6BE28232629CBA10044E311 /* Info.plist */,
				E6BE284C262D84200044E311 /* TestLibCoreCrashUITests-Bridging-Header.h */,
				E6BE2853262D86140044E311 /* EarlGrey.swift */,
			);
			path = TestLibCoreCrashUITests;
			sourceTree = "<group>";
		};
/* End PBXGroup section */

/* Begin PBXNativeTarget section */
		E6060A522628E37400180AF1 /* TestLibCoreCrash */ = {
			isa = PBXNativeTarget;
			buildConfigurationList = E6060A672628E37800180AF1 /* Build configuration list for PBXNativeTarget "TestLibCoreCrash" */;
			buildPhases = (
				66EAE5218E080A42D422C691 /* [CP] Check Pods Manifest.lock */,
				E6060A4F2628E37400180AF1 /* Sources */,
				E6060A502628E37400180AF1 /* Frameworks */,
				E6060A512628E37400180AF1 /* Resources */,
				0BC4C34456F856FDF2FFBEB6 /* [CP] Embed Pods Frameworks */,
			);
			buildRules = (
			);
			dependencies = (
			);
			name = TestLibCoreCrash;
			productName = TestLibCoreCrash;
			productReference = E6060A532628E37400180AF1 /* TestLibCoreCrash.app */;
			productType = "com.apple.product-type.application";
		};
		E6BE281E2629CBA10044E311 /* TestLibCoreCrashUITests */ = {
			isa = PBXNativeTarget;
			buildConfigurationList = E6BE28282629CBA10044E311 /* Build configuration list for PBXNativeTarget "TestLibCoreCrashUITests" */;
			buildPhases = (
				AF9081AB22E1DA1191CB4677 /* [CP] Check Pods Manifest.lock */,
				E6BE281B2629CBA10044E311 /* Sources */,
				E6BE281C2629CBA10044E311 /* Frameworks */,
				E6BE281D2629CBA10044E311 /* Resources */,
			);
			buildRules = (
			);
			dependencies = (
				E6BE28252629CBA10044E311 /* PBXTargetDependency */,
			);
			name = TestLibCoreCrashUITests;
			productName = TestLibCoreCrashUITests;
			productReference = E6BE281F2629CBA10044E311 /* TestLibCoreCrashUITests.xctest */;
			productType = "com.apple.product-type.bundle.ui-testing";
		};
/* End PBXNativeTarget section */

/* Begin PBXProject section */
		E6060A4B2628E37400180AF1 /* Project object */ = {
			isa = PBXProject;
			attributes = {
				LastSwiftUpdateCheck = 1240;
				LastUpgradeCheck = 1220;
				TargetAttributes = {
					E6060A522628E37400180AF1 = {
						CreatedOnToolsVersion = 12.2;
						LastSwiftMigration = 1220;
					};
					E6BE281E2629CBA10044E311 = {
						CreatedOnToolsVersion = 12.4;
						LastSwiftMigration = 1240;
						TestTargetID = E6060A522628E37400180AF1;
					};
				};
			};
			buildConfigurationList = E6060A4E2628E37400180AF1 /* Build configuration list for PBXProject "TestLibCoreCrash" */;
			compatibilityVersion = "Xcode 9.3";
			developmentRegion = en;
			hasScannedForEncodings = 0;
			knownRegions = (
				en,
				Base,
			);
			mainGroup = E6060A4A2628E37400180AF1;
			productRefGroup = E6060A542628E37400180AF1 /* Products */;
			projectDirPath = "";
			projectRoot = "";
			targets = (
				E6060A522628E37400180AF1 /* TestLibCoreCrash */,
				E6BE281E2629CBA10044E311 /* TestLibCoreCrashUITests */,
			);
		};
/* End PBXProject section */

/* Begin PBXResourcesBuildPhase section */
		E6060A512628E37400180AF1 /* Resources */ = {
			isa = PBXResourcesBuildPhase;
			buildActionMask = 2147483647;
			files = (
				E6060A632628E37800180AF1 /* LaunchScreen.storyboard in Resources */,
				E6060A602628E37800180AF1 /* Assets.xcassets in Resources */,
				E6060A5E2628E37400180AF1 /* Main.storyboard in Resources */,
			);
			runOnlyForDeploymentPostprocessing = 0;
		};
		E6BE281D2629CBA10044E311 /* Resources */ = {
			isa = PBXResourcesBuildPhase;
			buildActionMask = 2147483647;
			files = (
			);
			runOnlyForDeploymentPostprocessing = 0;
		};
/* End PBXResourcesBuildPhase section */

/* Begin PBXShellScriptBuildPhase section */
		0BC4C34456F856FDF2FFBEB6 /* [CP] Embed Pods Frameworks */ = {
			isa = PBXShellScriptBuildPhase;
			buildActionMask = 2147483647;
			files = (
			);
			inputFileListPaths = (
				"${PODS_ROOT}/Target Support Files/Pods-TestLibCoreCrash/Pods-TestLibCoreCrash-frameworks-${CONFIGURATION}-input-files.xcfilelist",
			);
			name = "[CP] Embed Pods Frameworks";
			outputFileListPaths = (
				"${PODS_ROOT}/Target Support Files/Pods-TestLibCoreCrash/Pods-TestLibCoreCrash-frameworks-${CONFIGURATION}-output-files.xcfilelist",
			);
			runOnlyForDeploymentPostprocessing = 0;
			shellPath = /bin/sh;
			shellScript = "\"${PODS_ROOT}/Target Support Files/Pods-TestLibCoreCrash/Pods-TestLibCoreCrash-frameworks.sh\"\n";
			showEnvVarsInLog = 0;
		};
		66EAE5218E080A42D422C691 /* [CP] Check Pods Manifest.lock */ = {
			isa = PBXShellScriptBuildPhase;
			buildActionMask = 2147483647;
			files = (
			);
			inputFileListPaths = (
			);
			inputPaths = (
				"${PODS_PODFILE_DIR_PATH}/Podfile.lock",
				"${PODS_ROOT}/Manifest.lock",
			);
			name = "[CP] Check Pods Manifest.lock";
			outputFileListPaths = (
			);
			outputPaths = (
				"$(DERIVED_FILE_DIR)/Pods-TestLibCoreCrash-checkManifestLockResult.txt",
			);
			runOnlyForDeploymentPostprocessing = 0;
			shellPath = /bin/sh;
			shellScript = "diff \"${PODS_PODFILE_DIR_PATH}/Podfile.lock\" \"${PODS_ROOT}/Manifest.lock\" > /dev/null\nif [ $? != 0 ] ; then\n    # print error to STDERR\n    echo \"error: The sandbox is not in sync with the Podfile.lock. Run 'pod install' or update your CocoaPods installation.\" >&2\n    exit 1\nfi\n# This output is used by Xcode 'outputs' to avoid re-running this script phase.\necho \"SUCCESS\" > \"${SCRIPT_OUTPUT_FILE_0}\"\n";
			showEnvVarsInLog = 0;
		};
		AF9081AB22E1DA1191CB4677 /* [CP] Check Pods Manifest.lock */ = {
			isa = PBXShellScriptBuildPhase;
			buildActionMask = 2147483647;
			files = (
			);
			inputFileListPaths = (
			);
			inputPaths = (
				"${PODS_PODFILE_DIR_PATH}/Podfile.lock",
				"${PODS_ROOT}/Manifest.lock",
			);
			name = "[CP] Check Pods Manifest.lock";
			outputFileListPaths = (
			);
			outputPaths = (
				"$(DERIVED_FILE_DIR)/Pods-TestLibCoreCrashUITests-checkManifestLockResult.txt",
			);
			runOnlyForDeploymentPostprocessing = 0;
			shellPath = /bin/sh;
			shellScript = "diff \"${PODS_PODFILE_DIR_PATH}/Podfile.lock\" \"${PODS_ROOT}/Manifest.lock\" > /dev/null\nif [ $? != 0 ] ; then\n    # print error to STDERR\n    echo \"error: The sandbox is not in sync with the Podfile.lock. Run 'pod install' or update your CocoaPods installation.\" >&2\n    exit 1\nfi\n# This output is used by Xcode 'outputs' to avoid re-running this script phase.\necho \"SUCCESS\" > \"${SCRIPT_OUTPUT_FILE_0}\"\n";
			showEnvVarsInLog = 0;
		};
/* End PBXShellScriptBuildPhase section */

/* Begin PBXSourcesBuildPhase section */
		E6060A4F2628E37400180AF1 /* Sources */ = {
			isa = PBXSourcesBuildPhase;
			buildActionMask = 2147483647;
			files = (
				E6060A5B2628E37400180AF1 /* ViewController.swift in Sources */,
				E6060A572628E37400180AF1 /* AppDelegate.swift in Sources */,
				E6060A592628E37400180AF1 /* SceneDelegate.swift in Sources */,
			);
			runOnlyForDeploymentPostprocessing = 0;
		};
		E6BE281B2629CBA10044E311 /* Sources */ = {
			isa = PBXSourcesBuildPhase;
			buildActionMask = 2147483647;
			files = (
				E6BE2854262D86140044E311 /* EarlGrey.swift in Sources */,
				E6BE28222629CBA10044E311 /* TestLibCoreCrashUITests.swift in Sources */,
			);
			runOnlyForDeploymentPostprocessing = 0;
		};
/* End PBXSourcesBuildPhase section */

/* Begin PBXTargetDependency section */
		E6BE28252629CBA10044E311 /* PBXTargetDependency */ = {
			isa = PBXTargetDependency;
			target = E6060A522628E37400180AF1 /* TestLibCoreCrash */;
			targetProxy = E6BE28242629CBA10044E311 /* PBXContainerItemProxy */;
		};
/* End PBXTargetDependency section */

/* Begin PBXVariantGroup section */
		E6060A5C2628E37400180AF1 /* Main.storyboard */ = {
			isa = PBXVariantGroup;
			children = (
				E6060A5D2628E37400180AF1 /* Base */,
			);
			name = Main.storyboard;
			sourceTree = "<group>";
		};
		E6060A612628E37800180AF1 /* LaunchScreen.storyboard */ = {
			isa = PBXVariantGroup;
			children = (
				E6060A622628E37800180AF1 /* Base */,
			);
			name = LaunchScreen.storyboard;
			sourceTree = "<group>";
		};
/* End PBXVariantGroup section */

/* Begin XCBuildConfiguration section */
		E6060A652628E37800180AF1 /* Debug */ = {
			isa = XCBuildConfiguration;
			buildSettings = {
				ALWAYS_SEARCH_USER_PATHS = NO;
				CLANG_ANALYZER_NONNULL = YES;
				CLANG_ANALYZER_NUMBER_OBJECT_CONVERSION = YES_AGGRESSIVE;
				CLANG_CXX_LANGUAGE_STANDARD = "gnu++14";
				CLANG_CXX_LIBRARY = "libc++";
				CLANG_ENABLE_MODULES = YES;
				CLANG_ENABLE_OBJC_ARC = YES;
				CLANG_ENABLE_OBJC_WEAK = YES;
				CLANG_WARN_BLOCK_CAPTURE_AUTORELEASING = YES;
				CLANG_WARN_BOOL_CONVERSION = YES;
				CLANG_WARN_COMMA = YES;
				CLANG_WARN_CONSTANT_CONVERSION = YES;
				CLANG_WARN_DEPRECATED_OBJC_IMPLEMENTATIONS = YES;
				CLANG_WARN_DIRECT_OBJC_ISA_USAGE = YES_ERROR;
				CLANG_WARN_DOCUMENTATION_COMMENTS = YES;
				CLANG_WARN_EMPTY_BODY = YES;
				CLANG_WARN_ENUM_CONVERSION = YES;
				CLANG_WARN_INFINITE_RECURSION = YES;
				CLANG_WARN_INT_CONVERSION = YES;
				CLANG_WARN_NON_LITERAL_NULL_CONVERSION = YES;
				CLANG_WARN_OBJC_IMPLICIT_RETAIN_SELF = YES;
				CLANG_WARN_OBJC_LITERAL_CONVERSION = YES;
				CLANG_WARN_OBJC_ROOT_CLASS = YES_ERROR;
				CLANG_WARN_QUOTED_INCLUDE_IN_FRAMEWORK_HEADER = YES;
				CLANG_WARN_RANGE_LOOP_ANALYSIS = YES;
				CLANG_WARN_STRICT_PROTOTYPES = YES;
				CLANG_WARN_SUSPICIOUS_MOVE = YES;
				CLANG_WARN_UNGUARDED_AVAILABILITY = YES_AGGRESSIVE;
				CLANG_WARN_UNREACHABLE_CODE = YES;
				CLANG_WARN__DUPLICATE_METHOD_MATCH = YES;
				COPY_PHASE_STRIP = NO;
				DEBUG_INFORMATION_FORMAT = dwarf;
				ENABLE_STRICT_OBJC_MSGSEND = YES;
				ENABLE_TESTABILITY = YES;
				GCC_C_LANGUAGE_STANDARD = gnu11;
				GCC_DYNAMIC_NO_PIC = NO;
				GCC_NO_COMMON_BLOCKS = YES;
				GCC_OPTIMIZATION_LEVEL = 0;
				GCC_PREPROCESSOR_DEFINITIONS = (
					"DEBUG=1",
					"$(inherited)",
				);
				GCC_WARN_64_TO_32_BIT_CONVERSION = YES;
				GCC_WARN_ABOUT_RETURN_TYPE = YES_ERROR;
				GCC_WARN_UNDECLARED_SELECTOR = YES;
				GCC_WARN_UNINITIALIZED_AUTOS = YES_AGGRESSIVE;
				GCC_WARN_UNUSED_FUNCTION = YES;
				GCC_WARN_UNUSED_VARIABLE = YES;
				IPHONEOS_DEPLOYMENT_TARGET = 11.4;
				MTL_ENABLE_DEBUG_INFO = INCLUDE_SOURCE;
				MTL_FAST_MATH = YES;
				ONLY_ACTIVE_ARCH = YES;
				SDKROOT = iphoneos;
				SWIFT_ACTIVE_COMPILATION_CONDITIONS = DEBUG;
				SWIFT_OPTIMIZATION_LEVEL = "-Onone";
			};
			name = Debug;
		};
		E6060A662628E37800180AF1 /* Release */ = {
			isa = XCBuildConfiguration;
			buildSettings = {
				ALWAYS_SEARCH_USER_PATHS = NO;
				CLANG_ANALYZER_NONNULL = YES;
				CLANG_ANALYZER_NUMBER_OBJECT_CONVERSION = YES_AGGRESSIVE;
				CLANG_CXX_LANGUAGE_STANDARD = "gnu++14";
				CLANG_CXX_LIBRARY = "libc++";
				CLANG_ENABLE_MODULES = YES;
				CLANG_ENABLE_OBJC_ARC = YES;
				CLANG_ENABLE_OBJC_WEAK = YES;
				CLANG_WARN_BLOCK_CAPTURE_AUTORELEASING = YES;
				CLANG_WARN_BOOL_CONVERSION = YES;
				CLANG_WARN_COMMA = YES;
				CLANG_WARN_CONSTANT_CONVERSION = YES;
				CLANG_WARN_DEPRECATED_OBJC_IMPLEMENTATIONS = YES;
				CLANG_WARN_DIRECT_OBJC_ISA_USAGE = YES_ERROR;
				CLANG_WARN_DOCUMENTATION_COMMENTS = YES;
				CLANG_WARN_EMPTY_BODY = YES;
				CLANG_WARN_ENUM_CONVERSION = YES;
				CLANG_WARN_INFINITE_RECURSION = YES;
				CLANG_WARN_INT_CONVERSION = YES;
				CLANG_WARN_NON_LITERAL_NULL_CONVERSION = YES;
				CLANG_WARN_OBJC_IMPLICIT_RETAIN_SELF = YES;
				CLANG_WARN_OBJC_LITERAL_CONVERSION = YES;
				CLANG_WARN_OBJC_ROOT_CLASS = YES_ERROR;
				CLANG_WARN_QUOTED_INCLUDE_IN_FRAMEWORK_HEADER = YES;
				CLANG_WARN_RANGE_LOOP_ANALYSIS = YES;
				CLANG_WARN_STRICT_PROTOTYPES = YES;
				CLANG_WARN_SUSPICIOUS_MOVE = YES;
				CLANG_WARN_UNGUARDED_AVAILABILITY = YES_AGGRESSIVE;
				CLANG_WARN_UNREACHABLE_CODE = YES;
				CLANG_WARN__DUPLICATE_METHOD_MATCH = YES;
				COPY_PHASE_STRIP = NO;
				DEBUG_INFORMATION_FORMAT = "dwarf-with-dsym";
				ENABLE_NS_ASSERTIONS = NO;
				ENABLE_STRICT_OBJC_MSGSEND = YES;
				GCC_C_LANGUAGE_STANDARD = gnu11;
				GCC_NO_COMMON_BLOCKS = YES;
				GCC_WARN_64_TO_32_BIT_CONVERSION = YES;
				GCC_WARN_ABOUT_RETURN_TYPE = YES_ERROR;
				GCC_WARN_UNDECLARED_SELECTOR = YES;
				GCC_WARN_UNINITIALIZED_AUTOS = YES_AGGRESSIVE;
				GCC_WARN_UNUSED_FUNCTION = YES;
				GCC_WARN_UNUSED_VARIABLE = YES;
				IPHONEOS_DEPLOYMENT_TARGET = 11.4;
				MTL_ENABLE_DEBUG_INFO = NO;
				MTL_FAST_MATH = YES;
				SDKROOT = iphoneos;
				SWIFT_COMPILATION_MODE = wholemodule;
				SWIFT_OPTIMIZATION_LEVEL = "-O";
				VALIDATE_PRODUCT = YES;
			};
			name = Release;
		};
		E6060A682628E37800180AF1 /* Debug */ = {
			isa = XCBuildConfiguration;
			baseConfigurationReference = 2F89E007D3DBB064F8584F46 /* Pods-TestLibCoreCrash.debug.xcconfig */;
			buildSettings = {
				ASSETCATALOG_COMPILER_APPICON_NAME = AppIcon;
				ASSETCATALOG_COMPILER_GLOBAL_ACCENT_COLOR_NAME = AccentColor;
				CLANG_ENABLE_MODULES = YES;
				CODE_SIGN_STYLE = Automatic;
				INFOPLIST_FILE = TestLibCoreCrash/Info.plist;
				LD_RUNPATH_SEARCH_PATHS = (
					"$(inherited)",
					"@executable_path/Frameworks",
				);
				PRODUCT_BUNDLE_IDENTIFIER = com.ak.TestLibCoreCrash;
				PRODUCT_NAME = "$(TARGET_NAME)";
				SWIFT_OBJC_BRIDGING_HEADER = "TestLibCoreCrash/TestLibCoreCrash-Bridging-Header.h";
				SWIFT_OPTIMIZATION_LEVEL = "-Onone";
				SWIFT_VERSION = 5.0;
				TARGETED_DEVICE_FAMILY = "1,2";
				VALIDATE_WORKSPACE = YES;
			};
			name = Debug;
		};
		E6060A692628E37800180AF1 /* Release */ = {
			isa = XCBuildConfiguration;
			baseConfigurationReference = 816023614249F7BD4B357D8F /* Pods-TestLibCoreCrash.release.xcconfig */;
			buildSettings = {
				ASSETCATALOG_COMPILER_APPICON_NAME = AppIcon;
				ASSETCATALOG_COMPILER_GLOBAL_ACCENT_COLOR_NAME = AccentColor;
				CLANG_ENABLE_MODULES = YES;
				CODE_SIGN_STYLE = Automatic;
				INFOPLIST_FILE = TestLibCoreCrash/Info.plist;
				LD_RUNPATH_SEARCH_PATHS = (
					"$(inherited)",
					"@executable_path/Frameworks",
				);
				PRODUCT_BUNDLE_IDENTIFIER = com.ak.TestLibCoreCrash;
				PRODUCT_NAME = "$(TARGET_NAME)";
				SWIFT_OBJC_BRIDGING_HEADER = "TestLibCoreCrash/TestLibCoreCrash-Bridging-Header.h";
				SWIFT_VERSION = 5.0;
				TARGETED_DEVICE_FAMILY = "1,2";
				VALIDATE_WORKSPACE = YES;
			};
			name = Release;
		};
		E6BE28262629CBA10044E311 /* Debug */ = {
			isa = XCBuildConfiguration;
			baseConfigurationReference = 1B622ADB20725B6DB224A0A6 /* Pods-TestLibCoreCrashUITests.debug.xcconfig */;
			buildSettings = {
				CLANG_ENABLE_MODULES = YES;
				CODE_SIGN_STYLE = Automatic;
				INFOPLIST_FILE = TestLibCoreCrashUITests/Info.plist;
				IPHONEOS_DEPLOYMENT_TARGET = 14.4;
				LD_RUNPATH_SEARCH_PATHS = (
					"$(inherited)",
					"@executable_path/Frameworks",
					"@loader_path/Frameworks",
				);
				PRODUCT_BUNDLE_IDENTIFIER = com.ak.TestLibCoreCrashUITests;
				PRODUCT_NAME = "$(TARGET_NAME)";
				SWIFT_OBJC_BRIDGING_HEADER = "TestLibCoreCrashUITests/TestLibCoreCrashUITests-Bridging-Header.h";
				SWIFT_OPTIMIZATION_LEVEL = "-Onone";
				SWIFT_VERSION = 5.0;
				TARGETED_DEVICE_FAMILY = "1,2";
				TEST_TARGET_NAME = TestLibCoreCrash;
			};
			name = Debug;
		};
		E6BE28272629CBA10044E311 /* Release */ = {
			isa = XCBuildConfiguration;
			baseConfigurationReference = BA9832ADFD5EEB6A33568F55 /* Pods-TestLibCoreCrashUITests.release.xcconfig */;
			buildSettings = {
				CLANG_ENABLE_MODULES = YES;
				CODE_SIGN_STYLE = Automatic;
				INFOPLIST_FILE = TestLibCoreCrashUITests/Info.plist;
				IPHONEOS_DEPLOYMENT_TARGET = 14.4;
				LD_RUNPATH_SEARCH_PATHS = (
					"$(inherited)",
					"@executable_path/Frameworks",
					"@loader_path/Frameworks",
				);
				PRODUCT_BUNDLE_IDENTIFIER = com.ak.TestLibCoreCrashUITests;
				PRODUCT_NAME = "$(TARGET_NAME)";
				SWIFT_OBJC_BRIDGING_HEADER = "TestLibCoreCrashUITests/TestLibCoreCrashUITests-Bridging-Header.h";
				SWIFT_VERSION = 5.0;
				TARGETED_DEVICE_FAMILY = "1,2";
				TEST_TARGET_NAME = TestLibCoreCrash;
			};
			name = Release;
		};
/* End XCBuildConfiguration section */

/* Begin XCConfigurationList section */
		E6060A4E2628E37400180AF1 /* Build configuration list for PBXProject "TestLibCoreCrash" */ = {
			isa = XCConfigurationList;
			buildConfigurations = (
				E6060A652628E37800180AF1 /* Debug */,
				E6060A662628E37800180AF1 /* Release */,
			);
			defaultConfigurationIsVisible = 0;
			defaultConfigurationName = Release;
		};
		E6060A672628E37800180AF1 /* Build configuration list for PBXNativeTarget "TestLibCoreCrash" */ = {
			isa = XCConfigurationList;
			buildConfigurations = (
				E6060A682628E37800180AF1 /* Debug */,
				E6060A692628E37800180AF1 /* Release */,
			);
			defaultConfigurationIsVisible = 0;
			defaultConfigurationName = Release;
		};
		E6BE28282629CBA10044E311 /* Build configuration list for PBXNativeTarget "TestLibCoreCrashUITests" */ = {
			isa = XCConfigurationList;
			buildConfigurations = (
				E6BE28262629CBA10044E311 /* Debug */,
				E6BE28272629CBA10044E311 /* Release */,
			);
			defaultConfigurationIsVisible = 0;
			defaultConfigurationName = Release;
		};
/* End XCConfigurationList section */
	};
	rootObject = E6060A4B2628E37400180AF1 /* Project object */;
}
